
Microsoft Visual Studio Solution File, Format Version 12.00
# Visual Studio 2012
Project("{FAE04EC0-301F-11D3-BF4B-00C04F79EFBC}") = "XAMLColorOverride", "XAMLColorOverride\XAMLColorOverride.csproj", "{CECD0901-BF9E-400E-ABB9-2C4837F97725}"
EndProject
Project("{FAE04EC0-301F-11D3-BF4B-00C04F79EFBC}") = "XAMLColorOverride.iOS", "iOS\XAMLColorOverride.iOS.csproj", "{58BF5A5A-B689-4FFD-94EE-B51964B9117B}"
EndProject
Project("{FAE04EC0-301F-11D3-BF4B-00C04F79EFBC}") = "XAMLColorOverride.Droid", "Droid\XAMLColorOverride.Droid.csproj", "{0E983D3B-B729-4027-B352-326D846C3769}"
EndProject
Global
	GlobalSection(SolutionConfigurationPlatforms) = preSolution
		Debug|Any CPU = Debug|Any CPU
		Release|Any CPU = Release|Any CPU
		Debug|iPhoneSimulator = Debug|iPhoneSimulator
		Release|iPhone = Release|iPhone
		Release|iPhoneSimulator = Release|iPhoneSimulator
		Debug|iPhone = Debug|iPhone
	EndGlobalSection
	GlobalSection(ProjectConfigurationPlatforms) = postSolution
		{CECD0901-BF9E-400E-ABB9-2C4837F97725}.Debug|Any CPU.ActiveCfg = Debug|Any CPU
		{CECD0901-BF9E-400E-ABB9-2C4837F97725}.Debug|Any CPU.Build.0 = Debug|Any CPU
		{CECD0901-BF9E-400E-ABB9-2C4837F97725}.Release|Any CPU.ActiveCfg = Release|Any CPU
		{CECD0901-BF9E-400E-ABB9-2C4837F97725}.Release|Any CPU.Build.0 = Release|Any CPU
		{CECD0901-BF9E-400E-ABB9-2C4837F97725}.Debug|iPhoneSimulator.ActiveCfg = Debug|Any CPU
		{CECD0901-BF9E-400E-ABB9-2C4837F97725}.Debug|iPhoneSimulator.Build.0 = Debug|Any CPU
		{CECD0901-BF9E-400E-ABB9-2C4837F97725}.Release|iPhone.ActiveCfg = Release|Any CPU
		{CECD0901-BF9E-400E-ABB9-2C4837F97725}.Release|iPhone.Build.0 = Release|Any CPU
		{CECD0901-BF9E-400E-ABB9-2C4837F97725}.Release|iPhoneSimulator.ActiveCfg = Release|Any CPU
		{CECD0901-BF9E-400E-ABB9-2C4837F97725}.Release|iPhoneSimulator.Build.0 = Release|Any CPU
		{CECD0901-BF9E-400E-ABB9-2C4837F97725}.Debug|iPhone.ActiveCfg = Debug|Any CPU
		{CECD0901-BF9E-400E-ABB9-2C4837F97725}.Debug|iPhone.Build.0 = Debug|Any CPU
		{58BF5A5A-B689-4FFD-94EE-B51964B9117B}.Debug|Any CPU.ActiveCfg = Debug|iPhoneSimulator
		{58BF5A5A-B689-4FFD-94EE-B51964B9117B}.Debug|Any CPU.Build.0 = Debug|iPhoneSimulator
		{58BF5A5A-B689-4FFD-94EE-B51964B9117B}.Release|Any CPU.ActiveCfg = Debug|iPhoneSimulator
		{58BF5A5A-B689-4FFD-94EE-B51964B9117B}.Release|Any CPU.Build.0 = Debug|iPhoneSimulator
		{58BF5A5A-B689-4FFD-94EE-B51964B9117B}.Debug|iPhoneSimulator.ActiveCfg = Debug|iPhoneSimulator
		{58BF5A5A-B689-4FFD-94EE-B51964B9117B}.Debug|iPhoneSimulator.Build.0 = Debug|iPhoneSimulator
		{58BF5A5A-B689-4FFD-94EE-B51964B9117B}.Release|iPhone.ActiveCfg = Release|iPhone
		{58BF5A5A-B689-4FFD-94EE-B51964B9117B}.Release|iPhone.Build.0 = Release|iPhone
		{58BF5A5A-B689-4FFD-94EE-B51964B9117B}.Release|iPhoneSimulator.ActiveCfg = Release|iPhoneSimulator
		{58BF5A5A-B689-4FFD-94EE-B51964B9117B}.Release|iPhoneSimulator.Build.0 = Release|iPhoneSimulator
		{58BF5A5A-B689-4FFD-94EE-B51964B9117B}.Debug|iPhone.ActiveCfg = Debug|iPhone
		{58BF5A5A-B689-4FFD-94EE-B51964B9117B}.Debug|iPhone.Build.0 = Debug|iPhone
		{0E983D3B-B729-4027-B352-326D846C3769}.Debug|Any CPU.ActiveCfg = Debug|Any CPU
		{0E983D3B-B729-4027-B352-326D846C3769}.Debug|Any CPU.Build.0 = Debug|Any CPU
		{0E983D3B-B729-4027-B352-326D846C3769}.Release|Any CPU.ActiveCfg = Release|Any CPU
		{0E983D3B-B729-4027-B352-326D846C3769}.Release|Any CPU.Build.0 = Release|Any CPU
		{0E983D3B-B729-4027-B352-326D846C3769}.Debug|iPhoneSimulator.ActiveCfg = Debug|Any CPU
		{0E983D3B-B729-4027-B352-326D846C3769}.Debug|iPhoneSimulator.Build.0 = Debug|Any CPU
		{0E983D3B-B729-4027-B352-326D846C3769}.Release|iPhone.ActiveCfg = Release|Any CPU
		{0E983D3B-B729-4027-B352-326D846C3769}.Release|iPhone.Build.0 = Release|Any CPU
		{0E983D3B-B729-4027-B352-326D846C3769}.Release|iPhoneSimulator.ActiveCfg = Release|Any CPU
		{0E983D3B-B729-4027-B352-326D846C3769}.Release|iPhoneSimulator.Build.0 = Release|Any CPU
		{0E983D3B-B729-4027-B352-326D846C3769}.Debug|iPhone.ActiveCfg = Debug|Any CPU
		{0E983D3B-B729-4027-B352-326D846C3769}.Debug|iPhone.Build.0 = Debug|Any CPU
	EndGlobalSection
EndGlobal
